// !$*UTF8*$!
{
	archiveVersion = 1;
	classes = {
	};
	objectVersion = 46;
	objects = {

/* Begin PBXBuildFile section */
		4CDF7D8E1BB458E000A3888A /* AppDelegate.swift in Sources */ = {isa = PBXBuildFile; fileRef = 4CDF7D8D1BB458E000A3888A /* AppDelegate.swift */; };
		4CDF7D901BB458E000A3888A /* ViewController.swift in Sources */ = {isa = PBXBuildFile; fileRef = 4CDF7D8F1BB458E000A3888A /* ViewController.swift */; };
		4CDF7D931BB458E000A3888A /* Main.storyboard in Resources */ = {isa = PBXBuildFile; fileRef = 4CDF7D911BB458E000A3888A /* Main.storyboard */; };
		4CDF7D951BB458E000A3888A /* Images.xcassets in Resources */ = {isa = PBXBuildFile; fileRef = 4CDF7D941BB458E000A3888A /* Images.xcassets */; };
		4CDF7D981BB458E000A3888A /* LaunchScreen.xib in Resources */ = {isa = PBXBuildFile; fileRef = 4CDF7D961BB458E000A3888A /* LaunchScreen.xib */; };
		4CDF7DA41BB458E000A3888A /* supercoolTests.swift in Sources */ = {isa = PBXBuildFile; fileRef = 4CDF7DA31BB458E000A3888A /* supercoolTests.swift */; };
/* End PBXBuildFile section */

/* Begin PBXContainerItemProxy section */
		4CDF7D9E1BB458E000A3888A /* PBXContainerItemProxy */ = {
			isa = PBXContainerItemProxy;
			containerPortal = 4CDF7D801BB458E000A3888A /* Project object */;
			proxyType = 1;
			remoteGlobalIDString = 4CDF7D871BB458E000A3888A;
			remoteInfo = supercool;
		};
/* End PBXContainerItemProxy section */

/* Begin PBXFileReference section */
		4CDF7D881BB458E000A3888A /* supercool.app */ = {isa = PBXFileReference; explicitFileType = wrapper.application; includeInIndex = 0; path = supercool.app; sourceTree = BUILT_PRODUCTS_DIR; };
		4CDF7D8C1BB458E000A3888A /* Info.plist */ = {isa = PBXFileReference; lastKnownFileType = text.plist.xml; path = Info.plist; sourceTree = "<group>"; };
		4CDF7D8D1BB458E000A3888A /* AppDelegate.swift */ = {isa = PBXFileReference; lastKnownFileType = sourcecode.swift; path = AppDelegate.swift; sourceTree = "<group>"; };
		4CDF7D8F1BB458E000A3888A /* ViewController.swift */ = {isa = PBXFileReference; lastKnownFileType = sourcecode.swift; path = ViewController.swift; sourceTree = "<group>"; };
		4CDF7D921BB458E000A3888A /* Base */ = {isa = PBXFileReference; lastKnownFileType = file.storyboard; name = Base; path = Base.lproj/Main.storyboard; sourceTree = "<group>"; };
		4CDF7D941BB458E000A3888A /* Images.xcassets */ = {isa = PBXFileReference; lastKnownFileType = folder.assetcatalog; path = Images.xcassets; sourceTree = "<group>"; };
		4CDF7D971BB458E000A3888A /* Base */ = {isa = PBXFileReference; lastKnownFileType = file.xib; name = Base; path = Base.lproj/LaunchScreen.xib; sourceTree = "<group>"; };
		4CDF7D9D1BB458E000A3888A /* supercoolTests.xctest */ = {isa = PBXFileReference; explicitFileType = wrapper.cfbundle; includeInIndex = 0; path = supercoolTests.xctest; sourceTree = BUILT_PRODUCTS_DIR; };
		4CDF7DA21BB458E000A3888A /* Info.plist */ = {isa = PBXFileReference; lastKnownFileType = text.plist.xml; path = Info.plist; sourceTree = "<group>"; };
		4CDF7DA31BB458E000A3888A /* supercoolTests.swift */ = {isa = PBXFileReference; lastKnownFileType = sourcecode.swift; path = supercoolTests.swift; sourceTree = "<group>"; };
/* End PBXFileReference section */

/* Begin PBXFrameworksBuildPhase section */
		4CDF7D851BB458E000A3888A /* Frameworks */ = {
			isa = PBXFrameworksBuildPhase;
			buildActionMask = 2147483647;
			files = (
			);
			runOnlyForDeploymentPostprocessing = 0;
		};
		4CDF7D9A1BB458E000A3888A /* Frameworks */ = {
			isa = PBXFrameworksBuildPhase;
			buildActionMask = 2147483647;
			files = (
			);
			runOnlyForDeploymentPostprocessing = 0;
		};
/* End PBXFrameworksBuildPhase section */

/* Begin PBXGroup section */
		4CDF7D7F1BB458E000A3888A = {
			isa = PBXGroup;
			children = (
				4CDF7D8A1BB458E000A3888A /* supercool */,
				4CDF7DA01BB458E000A3888A /* supercoolTests */,
				4CDF7D891BB458E000A3888A /* Products */,
			);
			sourceTree = "<group>";
		};
		4CDF7D891BB458E000A3888A /* Products */ = {
			isa = PBXGroup;
			children = (
				4CDF7D881BB458E000A3888A /* supercool.app */,
				4CDF7D9D1BB458E000A3888A /* supercoolTests.xctest */,
			);
			name = Products;
			sourceTree = "<group>";
		};
		4CDF7D8A1BB458E000A3888A /* supercool */ = {
			isa = PBXGroup;
			children = (
				4CDF7D8D1BB458E000A3888A /* AppDelegate.swift */,
				4CDF7D8F1BB458E000A3888A /* ViewController.swift */,
				4CDF7D911BB458E000A3888A /* Main.storyboard */,
				4CDF7D941BB458E000A3888A /* Images.xcassets */,
				4CDF7D961BB458E000A3888A /* LaunchScreen.xib */,
				4CDF7D8B1BB458E000A3888A /* Supporting Files */,
			);
			path = supercool;
			sourceTree = "<group>";
		};
		4CDF7D8B1BB458E000A3888A /* Supporting Files */ = {
			isa = PBXGroup;
			children = (
				4CDF7D8C1BB458E000A3888A /* Info.plist */,
			);
			name = "Supporting Files";
			sourceTree = "<group>";
		};
		4CDF7DA01BB458E000A3888A /* supercoolTests */ = {
			isa = PBXGroup;
			children = (
				4CDF7DA31BB458E000A3888A /* supercoolTests.swift */,
				4CDF7DA11BB458E000A3888A /* Supporting Files */,
			);
			path = supercoolTests;
			sourceTree = "<group>";
		};
		4CDF7DA11BB458E000A3888A /* Supporting Files */ = {
			isa = PBXGroup;
			children = (
				4CDF7DA21BB458E000A3888A /* Info.plist */,
			);
			name = "Supporting Files";
			sourceTree = "<group>";
		};
/* End PBXGroup section */

/* Begin PBXNativeTarget section */
		4CDF7D871BB458E000A3888A /* supercool */ = {
			isa = PBXNativeTarget;
			buildConfigurationList = 4CDF7DA71BB458E000A3888A /* Build configuration list for PBXNativeTarget "supercool" */;
			buildPhases = (
				4CDF7D841BB458E000A3888A /* Sources */,
				4CDF7D851BB458E000A3888A /* Frameworks */,
				4CDF7D861BB458E000A3888A /* Resources */,
			);
			buildRules = (
			);
			dependencies = (
			);
			name = supercool;
			productName = supercool;
			productReference = 4CDF7D881BB458E000A3888A /* supercool.app */;
			productType = "com.apple.product-type.application";
		};
		4CDF7D9C1BB458E000A3888A /* supercoolTests */ = {
			isa = PBXNativeTarget;
			buildConfigurationList = 4CDF7DAA1BB458E000A3888A /* Build configuration list for PBXNativeTarget "supercoolTests" */;
			buildPhases = (
				4CDF7D991BB458E000A3888A /* Sources */,
				4CDF7D9A1BB458E000A3888A /* Frameworks */,
				4CDF7D9B1BB458E000A3888A /* Resources */,
			);
			buildRules = (
			);
			dependencies = (
				4CDF7D9F1BB458E000A3888A /* PBXTargetDependency */,
			);
			name = supercoolTests;
			productName = supercoolTests;
			productReference = 4CDF7D9D1BB458E000A3888A /* supercoolTests.xctest */;
			productType = "com.apple.product-type.bundle.unit-test";
		};
/* End PBXNativeTarget section */

/* Begin PBXProject section */
		4CDF7D801BB458E000A3888A /* Project object */ = {
			isa = PBXProject;
			attributes = {
				LastUpgradeCheck = 0640;
				ORGANIZATIONNAME = "Sanjeeva R Seelam";
				TargetAttributes = {
					4CDF7D871BB458E000A3888A = {
						CreatedOnToolsVersion = 6.4;
					};
					4CDF7D9C1BB458E000A3888A = {
						CreatedOnToolsVersion = 6.4;
						TestTargetID = 4CDF7D871BB458E000A3888A;
					};
				};
			};
			buildConfigurationList = 4CDF7D831BB458E000A3888A /* Build configuration list for PBXProject "supercool" */;
			compatibilityVersion = "Xcode 3.2";
			developmentRegion = English;
			hasScannedForEncodings = 0;
			knownRegions = (
				en,
				Base,
			);
			mainGroup = 4CDF7D7F1BB458E000A3888A;
			productRefGroup = 4CDF7D891BB458E000A3888A /* Products */;
			projectDirPath = "";
			projectRoot = "";
			targets = (
				4CDF7D871BB458E000A3888A /* supercool */,
				4CDF7D9C1BB458E000A3888A /* supercoolTests */,
			);
		};
/* End PBXProject section */

/* Begin PBXResourcesBuildPhase section */
		4CDF7D861BB458E000A3888A /* Resources */ = {
			isa = PBXResourcesBuildPhase;
			buildActionMask = 2147483647;
			files = (
				4CDF7D931BB458E000A3888A /* Main.storyboard in Resources */,
				4CDF7D981BB458E000A3888A /* LaunchScreen.xib in Resources */,
				4CDF7D951BB458E000A3888A /* Images.xcassets in Resources */,
			);
			runOnlyForDeploymentPostprocessing = 0;
		};
		4CDF7D9B1BB458E000A3888A /* Resources */ = {
			isa = PBXResourcesBuildPhase;
			buildActionMask = 2147483647;
			files = (
			);
			runOnlyForDeploymentPostprocessing = 0;
		};
/* End PBXResourcesBuildPhase section */

/* Begin PBXSourcesBuildPhase section */
		4CDF7D841BB458E000A3888A /* Sources */ = {
			isa = PBXSourcesBuildPhase;
			buildActionMask = 2147483647;
			files = (
				4CDF7D901BB458E000A3888A /* ViewController.swift in Sources */,
				4CDF7D8E1BB458E000A3888A /* AppDelegate.swift in Sources */,
			);
			runOnlyForDeploymentPostprocessing = 0;
		};
		4CDF7D991BB458E000A3888A /* Sources */ = {
			isa = PBXSourcesBuildPhase;
			buildActionMask = 2147483647;
			files = (
				4CDF7DA41BB458E000A3888A /* supercoolTests.swift in Sources */,
			);
			runOnlyForDeploymentPostprocessing = 0;
		};
/* End PBXSourcesBuildPhase section */

/* Begin PBXTargetDependency section */
		4CDF7D9F1BB458E000A3888A /* PBXTargetDependency */ = {
			isa = PBXTargetDependency;
			target = 4CDF7D871BB458E000A3888A /* supercool */;
			targetProxy = 4CDF7D9E1BB458E000A3888A /* PBXContainerItemProxy */;
		};
/* End PBXTargetDependency section */

/* Begin PBXVariantGroup section */
		4CDF7D911BB458E000A3888A /* Main.storyboard */ = {
			isa = PBXVariantGroup;
			children = (
				4CDF7D921BB458E000A3888A /* Base */,
			);
			name = Main.storyboard;
			sourceTree = "<group>";
		};
		4CDF7D961BB458E000A3888A /* LaunchScreen.xib */ = {
			isa = PBXVariantGroup;
			children = (
				4CDF7D971BB458E000A3888A /* Base */,
			);
			name = LaunchScreen.xib;
			sourceTree = "<group>";
		};
/* End PBXVariantGroup section */

/* Begin XCBuildConfiguration section */
		4CDF7DA51BB458E000A3888A /* Debug */ = {
			isa = XCBuildConfiguration;
			buildSettings = {
				ALWAYS_SEARCH_USER_PATHS = NO;
				CLANG_CXX_LANGUAGE_STANDARD = "gnu++0x";
				CLANG_CXX_LIBRARY = "libc++";
				CLANG_ENABLE_MODULES = YES;
				CLANG_ENABLE_OBJC_ARC = YES;
				CLANG_WARN_BOOL_CONVERSION = YES;
				CLANG_WARN_CONSTANT_CONVERSION = YES;
				CLANG_WARN_DIRECT_OBJC_ISA_USAGE = YES_ERROR;
				CLANG_WARN_EMPTY_BODY = YES;
				CLANG_WARN_ENUM_CONVERSION = YES;
				CLANG_WARN_INT_CONVERSION = YES;
				CLANG_WARN_OBJC_ROOT_CLASS = YES_ERROR;
				CLANG_WARN_UNREACHABLE_CODE = YES;
				CLANG_WARN__DUPLICATE_METHOD_MATCH = YES;
				"CODE_SIGN_IDENTITY[sdk=iphoneos*]" = "iPhone Developer";
				COPY_PHASE_STRIP = NO;
				DEBUG_INFORMATION_FORMAT = "dwarf-with-dsym";
				ENABLE_STRICT_OBJC_MSGSEND = YES;
				GCC_C_LANGUAGE_STANDARD = gnu99;
				GCC_DYNAMIC_NO_PIC = NO;
				GCC_NO_COMMON_BLOCKS = YES;
				GCC_OPTIMIZATION_LEVEL = 0;
				GCC_PREPROCESSOR_DEFINITIONS = (
					"DEBUG=1",
					"$(inherited)",
				);
				GCC_SYMBOLS_PRIVATE_EXTERN = NO;
				GCC_WARN_64_TO_32_BIT_CONVERSION = YES;
				GCC_WARN_ABOUT_RETURN_TYPE = YES_ERROR;
				GCC_WARN_UNDECLARED_SELECTOR = YES;
				GCC_WARN_UNINITIALIZED_AUTOS = YES_AGGRESSIVE;
				GCC_WARN_UNUSED_FUNCTION = YES;
				GCC_WARN_UNUSED_VARIABLE = YES;
				IPHONEOS_DEPLOYMENT_TARGET = 8.4;
				MTL_ENABLE_DEBUG_INFO = YES;
				ONLY_ACTIVE_ARCH = YES;
				SDKROOT = iphoneos;
				SWIFT_OPTIMIZATION_LEVEL = "-Onone";
			};
			name = Debug;
		};
		4CDF7DA61BB458E000A3888A /* Release */ = {
			isa = XCBuildConfiguration;
			buildSettings = {
				ALWAYS_SEARCH_USER_PATHS = NO;
				CLANG_CXX_LANGUAGE_STANDARD = "gnu++0x";
				CLANG_CXX_LIBRARY = "libc++";
				CLANG_ENABLE_MODULES = YES;
				CLANG_ENABLE_OBJC_ARC = YES;
				CLANG_WARN_BOOL_CONVERSION = YES;
				CLANG_WARN_CONSTANT_CONVERSION = YES;
				CLANG_WARN_DIRECT_OBJC_ISA_USAGE = YES_ERROR;
				CLANG_WARN_EMPTY_BODY = YES;
				CLANG_WARN_ENUM_CONVERSION = YES;
				CLANG_WARN_INT_CONVERSION = YES;
				CLANG_WARN_OBJC_ROOT_CLASS = YES_ERROR;
				CLANG_WARN_UNREACHABLE_CODE = YES;
				CLANG_WARN__DUPLICATE_METHOD_MATCH = YES;
				"CODE_SIGN_IDENTITY[sdk=iphoneos*]" = "iPhone Developer";
				COPY_PHASE_STRIP = NO;
				DEBUG_INFORMATION_FORMAT = "dwarf-with-dsym";
				ENABLE_NS_ASSERTIONS = NO;
				ENABLE_STRICT_OBJC_MSGSEND = YES;
				GCC_C_LANGUAGE_STANDARD = gnu99;
				GCC_NO_COMMON_BLOCKS = YES;
				GCC_WARN_64_TO_32_BIT_CONVERSION = YES;
				GCC_WARN_ABOUT_RETURN_TYPE = YES_ERROR;
				GCC_WARN_UNDECLARED_SELECTOR = YES;
				GCC_WARN_UNINITIALIZED_AUTOS = YES_AGGRESSIVE;
				GCC_WARN_UNUSED_FUNCTION = YES;
				GCC_WARN_UNUSED_VARIABLE = YES;
				IPHONEOS_DEPLOYMENT_TARGET = 8.4;
				MTL_ENABLE_DEBUG_INFO = NO;
				SDKROOT = iphoneos;
				VALIDATE_PRODUCT = YES;
			};
			name = Release;
		};
		4CDF7DA81BB458E000A3888A /* Debug */ = {
			isa = XCBuildConfiguration;
			buildSettings = {
				ASSETCATALOG_COMPILER_APPICON_NAME = AppIcon;
				INFOPLIST_FILE = supercool/Info.plist;
				LD_RUNPATH_SEARCH_PATHS = "$(inherited) @executable_path/Frameworks";
				PRODUCT_NAME = "$(TARGET_NAME)";
			};
			name = Debug;
		};
		4CDF7DA91BB458E000A3888A /* Release */ = {
			isa = XCBuildConfiguration;
			buildSettings = {
				ASSETCATALOG_COMPILER_APPICON_NAME = AppIcon;
				INFOPLIST_FILE = supercool/Info.plist;
				LD_RUNPATH_SEARCH_PATHS = "$(inherited) @executable_path/Frameworks";
				PRODUCT_NAME = "$(TARGET_NAME)";
			};
			name = Release;
		};
		4CDF7DAB1BB458E000A3888A /* Debug */ = {
			isa = XCBuildConfiguration;
			buildSettings = {
				BUNDLE_LOADER = "$(TEST_HOST)";
				FRAMEWORK_SEARCH_PATHS = (
					"$(SDKROOT)/Developer/Library/Frameworks",
					"$(inherited)",
				);
				GCC_PREPROCESSOR_DEFINITIONS = (
					"DEBUG=1",
					"$(inherited)",
				);
				INFOPLIST_FILE = supercoolTests/Info.plist;
				LD_RUNPATH_SEARCH_PATHS = "$(inherited) @executable_path/Frameworks @loader_path/Frameworks";
				PRODUCT_NAME = "$(TARGET_NAME)";
				TEST_HOST = "$(BUILT_PRODUCTS_DIR)/supercool.app/supercool";
			};
			name = Debug;
		};
		4CDF7DAC1BB458E000A3888A /* Release */ = {
			isa = XCBuildConfiguration;
			buildSettings = {
				BUNDLE_LOADER = "$(TEST_HOST)";
				FRAMEWORK_SEARCH_PATHS = (
					"$(SDKROOT)/Developer/Library/Frameworks",
					"$(inherited)",
				);
				INFOPLIST_FILE = supercoolTests/Info.plist;
				LD_RUNPATH_SEARCH_PATHS = "$(inherited) @executable_path/Frameworks @loader_path/Frameworks";
				PRODUCT_NAME = "$(TARGET_NAME)";
				TEST_HOST = "$(BUILT_PRODUCTS_DIR)/supercool.app/supercool";
			};
			name = Release;
		};
/* End XCBuildConfiguration section */

/* Begin XCConfigurationList section */
		4CDF7D831BB458E000A3888A /* Build configuration list for PBXProject "supercool" */ = {
			isa = XCConfigurationList;
			buildConfigurations = (
				4CDF7DA51BB458E000A3888A /* Debug */,
				4CDF7DA61BB458E000A3888A /* Release */,
			);
			defaultConfigurationIsVisible = 0;
			defaultConfigurationName = Release;
		};
		4CDF7DA71BB458E000A3888A /* Build configuration list for PBXNativeTarget "supercool" */ = {
			isa = XCConfigurationList;
			buildConfigurations = (
				4CDF7DA81BB458E000A3888A /* Debug */,
				4CDF7DA91BB458E000A3888A /* Release */,
			);
			defaultConfigurationIsVisible = 0;
		};
		4CDF7DAA1BB458E000A3888A /* Build configuration list for PBXNativeTarget "supercoolTests" */ = {
			isa = XCConfigurationList;
			buildConfigurations = (
				4CDF7DAB1BB458E000A3888A /* Debug */,
				4CDF7DAC1BB458E000A3888A /* Release */,
			);
			defaultConfigurationIsVisible = 0;
		};
/* End XCConfigurationList section */
	};
	rootObject = 4CDF7D801BB458E000A3888A /* Project object */;
}
